PODS:
  - ADEmptyDataView (0.1.2)
  - AFCurvedArrowView (1.0.1)
  - Alamofire (4.9.1)
  - Alamofire-SwiftyJSON (3.0.0):
    - Alamofire (~> 4.5)
    - SwiftyJSON (~> 4.0.0)
  - AvatarView (2.0.3)
  - BadgeSwift (8.0.0)
  - BulletinBoard (5.0.0)
  - CollectionViewCenteredFlowLayout (1.0.3)
  - ContentRestrictionsKit (1.2)
  - DeviceKit (4.7.0)
  - FetchedResultsControllerCollectionViewUpdater (0.1.0)
  - Haptico (1.1.1)
  - iCloudSync (8.0.21)
  - JKRefresher (1.4)
  - Keys (1.0.1)
  - Kingfisher (7.3.2)
  - KumpeHelpers (4.5.2):
    - Alamofire-SwiftyJSON
    - BadgeSwift
    - CollectionViewCenteredFlowLayout
    - DeviceKit
    - FetchedResultsControllerCollectionViewUpdater
    - Haptico
    - iCloudSync
    - Kingfisher
    - ReachabilitySwift
    - SwiftMessages
    - Sync
  - NewRelicAgent (7.3.8)
  - PBTutorialManager (1.1.0):
    - AFCurvedArrowView
  - PrivacyKit (1.0.1)
  - ReachabilitySwift (5.0.0)
  - ShipBookSDK (1.1.19)
  - Smile (2.1.1)
  - Snowflake (0.5.0)
  - SwiftMessages (9.0.6):
    - SwiftMessages/App (= 9.0.6)
  - SwiftMessages/App (9.0.6)
  - SwiftyFORM (1.8.6)
  - SwiftyJSON (4.0.0)
  - Sync (6.5.0)
  - Toast-Swift (5.0.1)
  - TransitionButton (0.5.3)
  - UnsplashPhotoPicker (1.3.0)
  - WhatsNew (0.4.6)
  - xcbeautify (0.14.0)
  - YoutubeKit (0.4.0)
  - YubiKit (4.2.0)

DEPENDENCIES:
  - ADEmptyDataView
  - Alamofire-SwiftyJSON
  - AvatarView (from `https://github.com/kumpeapps/AvatarView.git`, branch `master`)
  - BadgeSwift
  - BulletinBoard
  - CollectionViewCenteredFlowLayout (from `https://github.com/Coeur/CollectionViewCenteredFlowLayout.git`, branch `master`)
  - ContentRestrictionsKit
  - Haptico
  - JKRefresher
  - Keys (from `Pods/CocoaPodsKeys`)
  - Kingfisher
  - KumpeHelpers
  - NewRelicAgent
  - PBTutorialManager
  - PrivacyKit
  - ReachabilitySwift
  - ShipBookSDK
  - Smile (from `https://github.com/onmyway133/Smile.git`, branch `master`)
  - Snowflake (from `https://github.com/kumpeapps/Snowflake.git`, branch `master`)
  - SwiftMessages
  - SwiftyFORM
  - Sync
  - Toast-Swift
  - TransitionButton
  - UnsplashPhotoPicker
  - WhatsNew
  - xcbeautify
  - YoutubeKit (= 0.4.0)
  - YubiKit

SPEC REPOS:
  https://github.com/CocoaPods/Specs.git:
    - ADEmptyDataView
    - AFCurvedArrowView
    - Alamofire
    - Alamofire-SwiftyJSON
    - BadgeSwift
    - BulletinBoard
    - ContentRestrictionsKit
    - DeviceKit
    - FetchedResultsControllerCollectionViewUpdater
    - Haptico
    - iCloudSync
    - JKRefresher
    - Kingfisher
    - KumpeHelpers
    - NewRelicAgent
    - PBTutorialManager
    - PrivacyKit
    - ReachabilitySwift
    - ShipBookSDK
    - SwiftMessages
    - SwiftyFORM
    - SwiftyJSON
    - Sync
    - Toast-Swift
    - TransitionButton
    - UnsplashPhotoPicker
    - WhatsNew
    - xcbeautify
    - YoutubeKit
    - YubiKit

EXTERNAL SOURCES:
  AvatarView:
    :branch: master
    :git: https://github.com/kumpeapps/AvatarView.git
  CollectionViewCenteredFlowLayout:
    :branch: master
    :git: https://github.com/Coeur/CollectionViewCenteredFlowLayout.git
  Keys:
    :path: Pods/CocoaPodsKeys
  Smile:
    :branch: master
    :git: https://github.com/onmyway133/Smile.git
  Snowflake:
    :branch: master
    :git: https://github.com/kumpeapps/Snowflake.git

CHECKOUT OPTIONS:
  AvatarView:
    :commit: 8897b9e9396452164ef8cfcfe6c2ca27b1056451
    :git: https://github.com/kumpeapps/AvatarView.git
  CollectionViewCenteredFlowLayout:
    :commit: a96a497377e6b7a555bf3c76e0aa05a096faa2f2
    :git: https://github.com/Coeur/CollectionViewCenteredFlowLayout.git
  Smile:
    :commit: 2afe344d17f30dee646ef4c54a6926b6dd021e7d
    :git: https://github.com/onmyway133/Smile.git
  Snowflake:
    :commit: 4285ed46fa5219bfbc124e0e3d4cd7f8c0b65ab8
    :git: https://github.com/kumpeapps/Snowflake.git

SPEC CHECKSUMS:
  ADEmptyDataView: 854dba4c16f62cdab2e075c6451dd4133b2575c7
  AFCurvedArrowView: 5fa8fcc1f77f5428ab34d7a1c6696b88c3c20f40
  Alamofire: 85e8a02c69d6020a0d734f6054870d7ecb75cf18
  Alamofire-SwiftyJSON: 2b3649d57dc7bb2880fb8b86f8bb969397666916
  AvatarView: f44d32fc6d73c080a8144559d10c26f94ef50481
  BadgeSwift: a81547ffde1f462bb5fc02e3fa3fdcbc1b888354
  BulletinBoard: dba77053c2a7b64953f63073f7534165af2edd21
  CollectionViewCenteredFlowLayout: 08ee587b794886c8aed41f79a528c6c4efa56d60
  ContentRestrictionsKit: db88b231efbc00ee45f3eefae04ba7b4219fe433
  DeviceKit: c870c34f7c0e0ac4caa6f052e6efe7ef1472c5a1
  FetchedResultsControllerCollectionViewUpdater: 10e88db1403d8d6e17a5d323efe1d1fd31dd0e1c
  Haptico: 3ab938425737e2b90939d41e1b23538cdbe1cf44
  iCloudSync: 9db5fec951673172886bd75203971c003b02e988
  JKRefresher: 43ff65dfed29cdf1780e3923164938fd07b2e9b9
  Keys: a576f4c9c1c641ca913a959a9c62ed3f215a8de9
  Kingfisher: 0086ad83719761ba9b2cdaf6ef4d5b4878cbae23
  KumpeHelpers: 7784067268cc665c6c1a093678af76a98a05ef01
  NewRelicAgent: 89724f6460b8be82e41ce04724444aed9b15d486
  PBTutorialManager: 7c2383247c0b0da71cf14438c0a2a737bca51a42
  PrivacyKit: 2e77ab49c5bfe0e6cedfd423a5ad4c7744942d54
  ReachabilitySwift: 985039c6f7b23a1da463388634119492ff86c825
  ShipBookSDK: 2086b80c9beef01f44a28390012223ee863410eb
  Smile: 50023dc068fb11984df713916970b89e6b705d68
  Snowflake: fbaa96fd607f00c06ccdbd4484bc9b2d67646beb
  SwiftMessages: f0c7ef4705a570ad6c5e208b611f4333e660ed92
  SwiftyFORM: 9e8693193e626cf70940641433c810ba1ef3f53b
  SwiftyJSON: 070dabdcb1beb81b247c65ffa3a79dbbfb3b48aa
  Sync: 86bb8aa0ea2f955ea5ac97b7b73129f86591c39e
  Toast-Swift: 9b6a70f28b3bf0b96c40d46c0c4b9d6639846711
  TransitionButton: 36283346e17c64775a1b3bc3a7a72940a367de1f
  UnsplashPhotoPicker: 327eef7ccbb4c322ed13360fdda6e975d1bea61d
  WhatsNew: d66a52b294e90d5bc133877e270ea7ce0b945003
  xcbeautify: 22105dd9d82f472135a640970788a34f45d64bd5
  YoutubeKit: 10c74151790b570001b19403d2c60b2fb540a1fe
  YubiKit: bde189dbaddc29e41dbda9e2c55ec5a79d38c654

PODFILE CHECKSUM: 03d4272a3d158d1b57c1d31475a532a7d562e8a7

COCOAPODS: 1.11.3
