PODS:
  - Alamofire (4.9.1)
  - Alamofire-SwiftyJSON (3.0.0):
    - Alamofire (~> 4.5)
    - SwiftyJSON (~> 4.0.0)
  - AvatarView (2.0.3)
  - BadgeSwift (8.0.0)
  - CollectionViewCenteredFlowLayout (1.0.1)
  - ContentRestrictionsKit (1.2)
  - DeviceKit (4.5.2)
  - Haptico (1.1.1)
  - JKRefresher (1.3)
  - Keys (1.0.1)
  - Kingfisher (7.2.0)
  - KumpeHelpers (2.2):
    - Alamofire-SwiftyJSON
    - CollectionViewCenteredFlowLayout
    - DeviceKit
    - Haptico
    - ReachabilitySwift
    - SwiftMessages
    - Sync
  - PrivacyKit (1.0.1)
  - ReachabilitySwift (5.0.0)
  - ShipBookSDK (1.1.19)
  - Smile (2.1.1)
  - Snowflake (0.5.0)
  - SwiftMessages (9.0.6):
    - SwiftMessages/App (= 9.0.6)
  - SwiftMessages/App (9.0.6)
  - SwiftyFORM (1.8.6)
  - SwiftyJSON (4.0.0)
  - Sync (6.5.0)
  - Toast-Swift (5.0.1)
  - TransitionButton (0.5.3)
  - WhatsNew (0.4.6)
  - YoutubeKit (0.5.0)

DEPENDENCIES:
  - Alamofire-SwiftyJSON
  - AvatarView (from `https://github.com/kumpeapps/AvatarView.git`, branch `master`)
  - BadgeSwift
  - CollectionViewCenteredFlowLayout
  - ContentRestrictionsKit
  - Haptico
  - JKRefresher
  - Keys (from `Pods/CocoaPodsKeys`)
  - Kingfisher
  - KumpeHelpers
  - PrivacyKit
  - ReachabilitySwift
  - ShipBookSDK
  - Smile (from `https://github.com/onmyway133/Smile.git`, branch `master`)
  - Snowflake (from `https://github.com/kumpeapps/Snowflake.git`, branch `master`)
  - SwiftMessages
  - SwiftyFORM
  - Sync
  - Toast-Swift
  - TransitionButton
  - WhatsNew
  - YoutubeKit

SPEC REPOS:
  https://github.com/CocoaPods/Specs.git:
    - Alamofire
    - Alamofire-SwiftyJSON
    - BadgeSwift
    - CollectionViewCenteredFlowLayout
    - ContentRestrictionsKit
    - DeviceKit
    - Haptico
    - JKRefresher
    - Kingfisher
    - KumpeHelpers
    - PrivacyKit
    - ReachabilitySwift
    - ShipBookSDK
    - SwiftMessages
    - SwiftyFORM
    - SwiftyJSON
    - Sync
    - Toast-Swift
    - TransitionButton
    - WhatsNew
    - YoutubeKit

EXTERNAL SOURCES:
  AvatarView:
    :branch: master
    :git: https://github.com/kumpeapps/AvatarView.git
  Keys:
    :path: Pods/CocoaPodsKeys
  Smile:
    :branch: master
    :git: https://github.com/onmyway133/Smile.git
  Snowflake:
    :branch: master
    :git: https://github.com/kumpeapps/Snowflake.git

CHECKOUT OPTIONS:
  AvatarView:
    :commit: 8897b9e9396452164ef8cfcfe6c2ca27b1056451
    :git: https://github.com/kumpeapps/AvatarView.git
  Smile:
    :commit: 2afe344d17f30dee646ef4c54a6926b6dd021e7d
    :git: https://github.com/onmyway133/Smile.git
  Snowflake:
    :commit: 4285ed46fa5219bfbc124e0e3d4cd7f8c0b65ab8
    :git: https://github.com/kumpeapps/Snowflake.git

SPEC CHECKSUMS:
  Alamofire: 85e8a02c69d6020a0d734f6054870d7ecb75cf18
  Alamofire-SwiftyJSON: 2b3649d57dc7bb2880fb8b86f8bb969397666916
  AvatarView: f44d32fc6d73c080a8144559d10c26f94ef50481
  BadgeSwift: a81547ffde1f462bb5fc02e3fa3fdcbc1b888354
  CollectionViewCenteredFlowLayout: 339b935be4d8578c59e448c8906117a07c657d85
  ContentRestrictionsKit: db88b231efbc00ee45f3eefae04ba7b4219fe433
  DeviceKit: c622fc19f795f3e0b4d75d6d11b26604338cdab3
  Haptico: 3ab938425737e2b90939d41e1b23538cdbe1cf44
  JKRefresher: a88df1a1be91a93de78b05d18b357677b1bea62e
  Keys: a576f4c9c1c641ca913a959a9c62ed3f215a8de9
  Kingfisher: 3ac0b75b155cabc0e544877d1a4deea29feece92
  KumpeHelpers: 2cbe5d2c6ae33fff4cff0bfa12d8c64c50b28b74
  PrivacyKit: 2e77ab49c5bfe0e6cedfd423a5ad4c7744942d54
  ReachabilitySwift: 985039c6f7b23a1da463388634119492ff86c825
  ShipBookSDK: 2086b80c9beef01f44a28390012223ee863410eb
  Smile: 50023dc068fb11984df713916970b89e6b705d68
  Snowflake: fbaa96fd607f00c06ccdbd4484bc9b2d67646beb
  SwiftMessages: f0c7ef4705a570ad6c5e208b611f4333e660ed92
  SwiftyFORM: 9e8693193e626cf70940641433c810ba1ef3f53b
  SwiftyJSON: 070dabdcb1beb81b247c65ffa3a79dbbfb3b48aa
  Sync: 86bb8aa0ea2f955ea5ac97b7b73129f86591c39e
  Toast-Swift: 9b6a70f28b3bf0b96c40d46c0c4b9d6639846711
  TransitionButton: 36283346e17c64775a1b3bc3a7a72940a367de1f
  WhatsNew: d66a52b294e90d5bc133877e270ea7ce0b945003
  YoutubeKit: 9f66eba839211158f2aac7ad3833593bd56fa8f9

PODFILE CHECKSUM: 6723a6de42a3496c3c673f2585caff1aa3bec4cf

COCOAPODS: 1.11.2
