PODS:
  - Alamofire (4.9.1)
  - Alamofire-SwiftyJSON (3.0.0):
    - Alamofire (~> 4.5)
    - SwiftyJSON (~> 4.0.0)
  - Base32 (1.1.2)
  - Kingfisher (5.15.0):
    - Kingfisher/Core (= 5.15.0)
  - Kingfisher/Core (5.15.0)
  - OneTimePassword (3.2.0):
    - Base32 (~> 1.1.2)
  - ReachabilitySwift (5.0.0)
  - SwiftMessages (8.0.2):
    - SwiftMessages/App (= 8.0.2)
  - SwiftMessages/App (8.0.2)
  - SwiftyFORM (1.8.4)
  - SwiftyJSON (4.0.0)
  - Sync (6.0.3)
  - Toast-Swift (5.0.1)

DEPENDENCIES:
  - Alamofire-SwiftyJSON
  - Kingfisher
  - OneTimePassword
  - ReachabilitySwift
  - SwiftMessages
  - SwiftyFORM
  - Sync
  - Toast-Swift

SPEC REPOS:
  https://github.com/CocoaPods/Specs.git:
    - Alamofire
    - Alamofire-SwiftyJSON
    - Base32
    - Kingfisher
    - OneTimePassword
    - ReachabilitySwift
    - SwiftMessages
    - SwiftyFORM
    - SwiftyJSON
    - Sync
    - Toast-Swift

SPEC CHECKSUMS:
  Alamofire: 85e8a02c69d6020a0d734f6054870d7ecb75cf18
  Alamofire-SwiftyJSON: 2b3649d57dc7bb2880fb8b86f8bb969397666916
  Base32: 163c298644d184e89ca4e00a996bad6bf5166390
  Kingfisher: 1acb67597a520c2d0310677e66d6e0af455ef757
  OneTimePassword: c00ecc908e67e6c5bfda9d50b0b2e4696d0b066e
  ReachabilitySwift: 985039c6f7b23a1da463388634119492ff86c825
  SwiftMessages: 633304165351b8e3dcbb81a71f8efcd86f9c1669
  SwiftyFORM: ce2dc9afb5b4488715112108a114c6d26e0b2836
  SwiftyJSON: 070dabdcb1beb81b247c65ffa3a79dbbfb3b48aa
  Sync: 40735880f9c7dfb222fa48078bea320a90276d62
  Toast-Swift: 9b6a70f28b3bf0b96c40d46c0c4b9d6639846711

PODFILE CHECKSUM: 714be13d1be16d15feb07acb7b229855629753db

COCOAPODS: 1.9.3
