{
  "pins" : [
    {
      "identity" : "emptydataview",
      "kind" : "remoteSourceControl",
      "location" : "https://github.com/anup-deshpande/EmptyDataView.git",
      "state" : {
        "revision" : "8adc7d18a54e60f2a35f98faed8017d988aa0aee",
        "version" : "1.5.0"
      }
    }
  ],
  "version" : 2
}
